
Microsoft Visual Studio Solution File, Format Version 12.00
# Visual Studio Version 17
VisualStudioVersion = 17.4.33213.308
MinimumVisualStudioVersion = 10.0.40219.1
Project("{FAE04EC0-301F-11D3-BF4B-00C04F79EFBC}") = "ClientForApi", "ClientForApi\ClientForApi.csproj", "{AAF9B0A0-A783-4712-93E0-A4001234BB9E}"
EndProject
Global
	GlobalSection(SolutionConfigurationPlatforms) = preSolution
		Debug|Any CPU = Debug|Any CPU
		Release|Any CPU = Release|Any CPU
	EndGlobalSection
	GlobalSection(ProjectConfigurationPlatforms) = postSolution
		{AAF9B0A0-A783-4712-93E0-A4001234BB9E}.Debug|Any CPU.ActiveCfg = Debug|Any CPU
		{AAF9B0A0-A783-4712-93E0-A4001234BB9E}.Debug|Any CPU.Build.0 = Debug|Any CPU
		{AAF9B0A0-A783-4712-93E0-A4001234BB9E}.Release|Any CPU.ActiveCfg = Release|Any CPU
		{AAF9B0A0-A783-4712-93E0-A4001234BB9E}.Release|Any CPU.Build.0 = Release|Any CPU
	EndGlobalSection
	GlobalSection(SolutionProperties) = preSolution
		HideSolutionNode = FALSE
	EndGlobalSection
	GlobalSection(ExtensibilityGlobals) = postSolution
		SolutionGuid = {0E26BD42-78A7-4ABA-92F0-EAADD08EC790}
	EndGlobalSection
EndGlobal
